
Microsoft Visual Studio Solution File, Format Version 12.00
# Visual Studio Version 16
VisualStudioVersion = 16.0.31605.320
MinimumVisualStudioVersion = 10.0.40219.1
Project("{FAE04EC0-301F-11D3-BF4B-00C04F79EFBC}") = "ChatClient", "ChatClient\ChatClient.csproj", "{01C8954B-EEBD-4539-8AFD-08829C6218FE}"
EndProject
Global
	GlobalSection(SolutionConfigurationPlatforms) = preSolution
		Debug|Any CPU = Debug|Any CPU
		Release|Any CPU = Release|Any CPU
	EndGlobalSection
	GlobalSection(ProjectConfigurationPlatforms) = postSolution
		{01C8954B-EEBD-4539-8AFD-08829C6218FE}.Debug|Any CPU.ActiveCfg = Debug|Any CPU
		{01C8954B-EEBD-4539-8AFD-08829C6218FE}.Debug|Any CPU.Build.0 = Debug|Any CPU
		{01C8954B-EEBD-4539-8AFD-08829C6218FE}.Release|Any CPU.ActiveCfg = Release|Any CPU
		{01C8954B-EEBD-4539-8AFD-08829C6218FE}.Release|Any CPU.Build.0 = Release|Any CPU
	EndGlobalSection
	GlobalSection(SolutionProperties) = preSolution
		HideSolutionNode = FALSE
	EndGlobalSection
	GlobalSection(ExtensibilityGlobals) = postSolution
		SolutionGuid = {D8715934-5EF6-4852-8ECB-E41209497B2F}
	EndGlobalSection
EndGlobal
